
Microsoft Visual Studio Solution File, Format Version 12.00
# Visual Studio Version 16
VisualStudioVersion = 16.0.31727.386
MinimumVisualStudioVersion = 10.0.40219.1
Project("{2150E333-8FDC-42A3-9474-1A3956D46DE8}") = "Solution Items", "Solution Items", "{958DD9EF-F976-42FC-83BA-D1A68CC43807}"
	ProjectSection(SolutionItems) = preProject
		.editorconfig = .editorconfig
		.gitignore = .gitignore
		CHANGELOG.md = CHANGELOG.md
		CODE_OF_CONDUCT.md = CODE_OF_CONDUCT.md
		Directory.Build.props = Directory.Build.props
		Directory.Build.targets = Directory.Build.targets
		LICENSE = LICENSE
		README.md = README.md
		stylecop.json = stylecop.json
	EndProjectSection
EndProject
Project("{2150E333-8FDC-42A3-9474-1A3956D46DE8}") = "Directory.Build", "Directory.Build", "{81067D2F-63A5-41A1-9557-06618589AD2F}"
	ProjectSection(SolutionItems) = preProject
		Directory.Build\Benchmark.props = Directory.Build\Benchmark.props
		Directory.Build\PackageReferences.props = Directory.Build\PackageReferences.props
		Directory.Build\Publish.props = Directory.Build\Publish.props
		Directory.Build\Publish.targets = Directory.Build\Publish.targets
		Directory.Build\Shmuelie.MSBuild.props = Directory.Build\Shmuelie.MSBuild.props
		Directory.Build\Shmuelie.Zio.props = Directory.Build\Shmuelie.Zio.props
		Directory.Build\Tests.props = Directory.Build\Tests.props
		Directory.Build\UWP.props = Directory.Build\UWP.props
		Directory.Build\UWP.targets = Directory.Build\UWP.targets
	EndProjectSection
EndProject
Project("{9A19103F-16F7-4668-BE54-9A1E7A4F7556}") = "Shmuelie.Common", "Shmuelie.Common\Shmuelie.Common.csproj", "{6B6E6D75-E7B9-4843-95A5-47B6A810E1AA}"
EndProject
Project("{9A19103F-16F7-4668-BE54-9A1E7A4F7556}") = "Shmuelie.Common.Tests", "Shmuelie.Common.Tests\Shmuelie.Common.Tests.csproj", "{E44E8752-E2FF-4DB6-AE4E-463F1409AE2C}"
EndProject
Project("{9A19103F-16F7-4668-BE54-9A1E7A4F7556}") = "Shmuelie.Zio.FileSystems", "Shmuelie.Zio.FileSystems\Shmuelie.Zio.FileSystems.csproj", "{9CE1B2F6-6BC8-4A6B-B5D5-F085A0E7D0E6}"
EndProject
Project("{9A19103F-16F7-4668-BE54-9A1E7A4F7556}") = "Shmuelie.Zio.DiskUtils", "Shmuelie.Zio.DiskUtils\Shmuelie.Zio.DiskUtils.csproj", "{B52D977B-F6E2-4C3E-9A45-30E00A99D360}"
EndProject
Project("{9A19103F-16F7-4668-BE54-9A1E7A4F7556}") = "Shmuelie.Zio.FileSystems.Tests", "Shmuelie.Zio.FileSystems.Tests\Shmuelie.Zio.FileSystems.Tests.csproj", "{ECDF85A3-0F4C-44C1-97D3-CC505C8674C5}"
EndProject
Project("{9A19103F-16F7-4668-BE54-9A1E7A4F7556}") = "Shmuelie.Zio.Glob", "Shmuelie.Zio.Glob\Shmuelie.Zio.Glob.csproj", "{248759FD-9BFA-410A-9B3B-EB543B01293E}"
EndProject
Project("{9A19103F-16F7-4668-BE54-9A1E7A4F7556}") = "Shmuelie.Zio.Glob.Tests", "Shmuelie.Zio.Glob.Tests\Shmuelie.Zio.Glob.Tests.csproj", "{206C8961-4074-4D67-A372-06563772FBBA}"
EndProject
Project("{9A19103F-16F7-4668-BE54-9A1E7A4F7556}") = "Shmuelie.Zio.Network", "Shmuelie.Zio.Network\Shmuelie.Zio.Network.csproj", "{8625D78E-2E5A-4641-80A6-4D83EE505D09}"
EndProject
Project("{9A19103F-16F7-4668-BE54-9A1E7A4F7556}") = "Shmuelie.Zio.Windows", "Shmuelie.Zio.Windows\Shmuelie.Zio.Windows.csproj", "{D647926C-2F62-46F9-A326-E3B8C7B5F580}"
EndProject
Project("{9A19103F-16F7-4668-BE54-9A1E7A4F7556}") = "Shmuelie.Zio.Windows.Benchmark", "Shmuelie.Zio.Windows.Benchmark\Shmuelie.Zio.Windows.Benchmark.csproj", "{37F6D61B-972F-4FE2-A3A1-30830E9E21DC}"
EndProject
Project("{9A19103F-16F7-4668-BE54-9A1E7A4F7556}") = "Shmuelie.Zio.Windows.Tests", "Shmuelie.Zio.Windows.Tests\Shmuelie.Zio.Windows.Tests.csproj", "{50DF1BCC-90FE-4949-A6DC-B52214711828}"
EndProject
Project("{9A19103F-16F7-4668-BE54-9A1E7A4F7556}") = "Shmuelie.MSBuild.Compression", "Shmuelie.MSBuild.Compression\Shmuelie.MSBuild.Compression.csproj", "{805D6DF0-2005-4FC9-BB28-9089D01C6A9D}"
EndProject
Project("{9A19103F-16F7-4668-BE54-9A1E7A4F7556}") = "Shmuelie.MSBuild.Compression.Tests", "Shmuelie.MSBuild.Compression.Tests\Shmuelie.MSBuild.Compression.Tests.csproj", "{0FAA56F9-4AD1-4711-94ED-190F7658F791}"
EndProject
Project("{9A19103F-16F7-4668-BE54-9A1E7A4F7556}") = "Shmuelie.UWP.Controls", "Shmuelie.UWP.Controls\Shmuelie.UWP.Controls.csproj", "{0FD4A574-B024-4888-95A2-8AFB2C928391}"
EndProject
Project("{9A19103F-16F7-4668-BE54-9A1E7A4F7556}") = "Shmuelie.Http", "Shmuelie.Http\Shmuelie.Http.csproj", "{14BE6179-206E-4BA6-BD5D-99B324F5804E}"
EndProject
Project("{FAE04EC0-301F-11D3-BF4B-00C04F79EFBC}") = "Shmuelie.MSBuild.Publish", "Shmuelie.MSBuild.Publish\Shmuelie.MSBuild.Publish.csproj", "{7F4087A5-736F-4AB8-B917-C9002A264D95}"
EndProject
Global
	GlobalSection(SolutionConfigurationPlatforms) = preSolution
		Debug|Any CPU = Debug|Any CPU
		Debug|ARM = Debug|ARM
		Debug|ARM64 = Debug|ARM64
		Debug|x64 = Debug|x64
		Debug|x86 = Debug|x86
		Release|Any CPU = Release|Any CPU
		Release|ARM = Release|ARM
		Release|ARM64 = Release|ARM64
		Release|x64 = Release|x64
		Release|x86 = Release|x86
	EndGlobalSection
	GlobalSection(ProjectConfigurationPlatforms) = postSolution
		{6B6E6D75-E7B9-4843-95A5-47B6A810E1AA}.Debug|Any CPU.ActiveCfg = Debug|Any CPU
		{6B6E6D75-E7B9-4843-95A5-47B6A810E1AA}.Debug|Any CPU.Build.0 = Debug|Any CPU
		{6B6E6D75-E7B9-4843-95A5-47B6A810E1AA}.Debug|ARM.ActiveCfg = Debug|Any CPU
		{6B6E6D75-E7B9-4843-95A5-47B6A810E1AA}.Debug|ARM.Build.0 = Debug|Any CPU
		{6B6E6D75-E7B9-4843-95A5-47B6A810E1AA}.Debug|ARM64.ActiveCfg = Debug|Any CPU
		{6B6E6D75-E7B9-4843-95A5-47B6A810E1AA}.Debug|ARM64.Build.0 = Debug|Any CPU
		{6B6E6D75-E7B9-4843-95A5-47B6A810E1AA}.Debug|x64.ActiveCfg = Debug|Any CPU
		{6B6E6D75-E7B9-4843-95A5-47B6A810E1AA}.Debug|x64.Build.0 = Debug|Any CPU
		{6B6E6D75-E7B9-4843-95A5-47B6A810E1AA}.Debug|x86.ActiveCfg = Debug|Any CPU
		{6B6E6D75-E7B9-4843-95A5-47B6A810E1AA}.Debug|x86.Build.0 = Debug|Any CPU
		{6B6E6D75-E7B9-4843-95A5-47B6A810E1AA}.Release|Any CPU.ActiveCfg = Release|Any CPU
		{6B6E6D75-E7B9-4843-95A5-47B6A810E1AA}.Release|Any CPU.Build.0 = Release|Any CPU
		{6B6E6D75-E7B9-4843-95A5-47B6A810E1AA}.Release|ARM.ActiveCfg = Release|Any CPU
		{6B6E6D75-E7B9-4843-95A5-47B6A810E1AA}.Release|ARM.Build.0 = Release|Any CPU
		{6B6E6D75-E7B9-4843-95A5-47B6A810E1AA}.Release|ARM64.ActiveCfg = Release|Any CPU
		{6B6E6D75-E7B9-4843-95A5-47B6A810E1AA}.Release|ARM64.Build.0 = Release|Any CPU
		{6B6E6D75-E7B9-4843-95A5-47B6A810E1AA}.Release|x64.ActiveCfg = Release|Any CPU
		{6B6E6D75-E7B9-4843-95A5-47B6A810E1AA}.Release|x64.Build.0 = Release|Any CPU
		{6B6E6D75-E7B9-4843-95A5-47B6A810E1AA}.Release|x86.ActiveCfg = Release|Any CPU
		{6B6E6D75-E7B9-4843-95A5-47B6A810E1AA}.Release|x86.Build.0 = Release|Any CPU
		{E44E8752-E2FF-4DB6-AE4E-463F1409AE2C}.Debug|Any CPU.ActiveCfg = Debug|Any CPU
		{E44E8752-E2FF-4DB6-AE4E-463F1409AE2C}.Debug|Any CPU.Build.0 = Debug|Any CPU
		{E44E8752-E2FF-4DB6-AE4E-463F1409AE2C}.Debug|ARM.ActiveCfg = Debug|Any CPU
		{E44E8752-E2FF-4DB6-AE4E-463F1409AE2C}.Debug|ARM.Build.0 = Debug|Any CPU
		{E44E8752-E2FF-4DB6-AE4E-463F1409AE2C}.Debug|ARM64.ActiveCfg = Debug|Any CPU
		{E44E8752-E2FF-4DB6-AE4E-463F1409AE2C}.Debug|ARM64.Build.0 = Debug|Any CPU
		{E44E8752-E2FF-4DB6-AE4E-463F1409AE2C}.Debug|x64.ActiveCfg = Debug|Any CPU
		{E44E8752-E2FF-4DB6-AE4E-463F1409AE2C}.Debug|x64.Build.0 = Debug|Any CPU
		{E44E8752-E2FF-4DB6-AE4E-463F1409AE2C}.Debug|x86.ActiveCfg = Debug|Any CPU
		{E44E8752-E2FF-4DB6-AE4E-463F1409AE2C}.Debug|x86.Build.0 = Debug|Any CPU
		{E44E8752-E2FF-4DB6-AE4E-463F1409AE2C}.Release|Any CPU.ActiveCfg = Release|Any CPU
		{E44E8752-E2FF-4DB6-AE4E-463F1409AE2C}.Release|Any CPU.Build.0 = Release|Any CPU
		{E44E8752-E2FF-4DB6-AE4E-463F1409AE2C}.Release|ARM.ActiveCfg = Release|Any CPU
		{E44E8752-E2FF-4DB6-AE4E-463F1409AE2C}.Release|ARM.Build.0 = Release|Any CPU
		{E44E8752-E2FF-4DB6-AE4E-463F1409AE2C}.Release|ARM64.ActiveCfg = Release|Any CPU
		{E44E8752-E2FF-4DB6-AE4E-463F1409AE2C}.Release|ARM64.Build.0 = Release|Any CPU
		{E44E8752-E2FF-4DB6-AE4E-463F1409AE2C}.Release|x64.ActiveCfg = Release|Any CPU
		{E44E8752-E2FF-4DB6-AE4E-463F1409AE2C}.Release|x64.Build.0 = Release|Any CPU
		{E44E8752-E2FF-4DB6-AE4E-463F1409AE2C}.Release|x86.ActiveCfg = Release|Any CPU
		{E44E8752-E2FF-4DB6-AE4E-463F1409AE2C}.Release|x86.Build.0 = Release|Any CPU
		{9CE1B2F6-6BC8-4A6B-B5D5-F085A0E7D0E6}.Debug|Any CPU.ActiveCfg = Debug|Any CPU
		{9CE1B2F6-6BC8-4A6B-B5D5-F085A0E7D0E6}.Debug|Any CPU.Build.0 = Debug|Any CPU
		{9CE1B2F6-6BC8-4A6B-B5D5-F085A0E7D0E6}.Debug|ARM.ActiveCfg = Debug|Any CPU
		{9CE1B2F6-6BC8-4A6B-B5D5-F085A0E7D0E6}.Debug|ARM.Build.0 = Debug|Any CPU
		{9CE1B2F6-6BC8-4A6B-B5D5-F085A0E7D0E6}.Debug|ARM64.ActiveCfg = Debug|Any CPU
		{9CE1B2F6-6BC8-4A6B-B5D5-F085A0E7D0E6}.Debug|ARM64.Build.0 = Debug|Any CPU
		{9CE1B2F6-6BC8-4A6B-B5D5-F085A0E7D0E6}.Debug|x64.ActiveCfg = Debug|Any CPU
		{9CE1B2F6-6BC8-4A6B-B5D5-F085A0E7D0E6}.Debug|x64.Build.0 = Debug|Any CPU
		{9CE1B2F6-6BC8-4A6B-B5D5-F085A0E7D0E6}.Debug|x86.ActiveCfg = Debug|Any CPU
		{9CE1B2F6-6BC8-4A6B-B5D5-F085A0E7D0E6}.Debug|x86.Build.0 = Debug|Any CPU
		{9CE1B2F6-6BC8-4A6B-B5D5-F085A0E7D0E6}.Release|Any CPU.ActiveCfg = Release|Any CPU
		{9CE1B2F6-6BC8-4A6B-B5D5-F085A0E7D0E6}.Release|Any CPU.Build.0 = Release|Any CPU
		{9CE1B2F6-6BC8-4A6B-B5D5-F085A0E7D0E6}.Release|ARM.ActiveCfg = Release|Any CPU
		{9CE1B2F6-6BC8-4A6B-B5D5-F085A0E7D0E6}.Release|ARM.Build.0 = Release|Any CPU
		{9CE1B2F6-6BC8-4A6B-B5D5-F085A0E7D0E6}.Release|ARM64.ActiveCfg = Release|Any CPU
		{9CE1B2F6-6BC8-4A6B-B5D5-F085A0E7D0E6}.Release|ARM64.Build.0 = Release|Any CPU
		{9CE1B2F6-6BC8-4A6B-B5D5-F085A0E7D0E6}.Release|x64.ActiveCfg = Release|Any CPU
		{9CE1B2F6-6BC8-4A6B-B5D5-F085A0E7D0E6}.Release|x64.Build.0 = Release|Any CPU
		{9CE1B2F6-6BC8-4A6B-B5D5-F085A0E7D0E6}.Release|x86.ActiveCfg = Release|Any CPU
		{9CE1B2F6-6BC8-4A6B-B5D5-F085A0E7D0E6}.Release|x86.Build.0 = Release|Any CPU
		{B52D977B-F6E2-4C3E-9A45-30E00A99D360}.Debug|Any CPU.ActiveCfg = Debug|Any CPU
		{B52D977B-F6E2-4C3E-9A45-30E00A99D360}.Debug|Any CPU.Build.0 = Debug|Any CPU
		{B52D977B-F6E2-4C3E-9A45-30E00A99D360}.Debug|ARM.ActiveCfg = Debug|Any CPU
		{B52D977B-F6E2-4C3E-9A45-30E00A99D360}.Debug|ARM.Build.0 = Debug|Any CPU
		{B52D977B-F6E2-4C3E-9A45-30E00A99D360}.Debug|ARM64.ActiveCfg = Debug|Any CPU
		{B52D977B-F6E2-4C3E-9A45-30E00A99D360}.Debug|ARM64.Build.0 = Debug|Any CPU
		{B52D977B-F6E2-4C3E-9A45-30E00A99D360}.Debug|x64.ActiveCfg = Debug|Any CPU
		{B52D977B-F6E2-4C3E-9A45-30E00A99D360}.Debug|x64.Build.0 = Debug|Any CPU
		{B52D977B-F6E2-4C3E-9A45-30E00A99D360}.Debug|x86.ActiveCfg = Debug|Any CPU
		{B52D977B-F6E2-4C3E-9A45-30E00A99D360}.Debug|x86.Build.0 = Debug|Any CPU
		{B52D977B-F6E2-4C3E-9A45-30E00A99D360}.Release|Any CPU.ActiveCfg = Release|Any CPU
		{B52D977B-F6E2-4C3E-9A45-30E00A99D360}.Release|Any CPU.Build.0 = Release|Any CPU
		{B52D977B-F6E2-4C3E-9A45-30E00A99D360}.Release|ARM.ActiveCfg = Release|Any CPU
		{B52D977B-F6E2-4C3E-9A45-30E00A99D360}.Release|ARM.Build.0 = Release|Any CPU
		{B52D977B-F6E2-4C3E-9A45-30E00A99D360}.Release|ARM64.ActiveCfg = Release|Any CPU
		{B52D977B-F6E2-4C3E-9A45-30E00A99D360}.Release|ARM64.Build.0 = Release|Any CPU
		{B52D977B-F6E2-4C3E-9A45-30E00A99D360}.Release|x64.ActiveCfg = Release|Any CPU
		{B52D977B-F6E2-4C3E-9A45-30E00A99D360}.Release|x64.Build.0 = Release|Any CPU
		{B52D977B-F6E2-4C3E-9A45-30E00A99D360}.Release|x86.ActiveCfg = Release|Any CPU
		{B52D977B-F6E2-4C3E-9A45-30E00A99D360}.Release|x86.Build.0 = Release|Any CPU
		{ECDF85A3-0F4C-44C1-97D3-CC505C8674C5}.Debug|Any CPU.ActiveCfg = Debug|Any CPU
		{ECDF85A3-0F4C-44C1-97D3-CC505C8674C5}.Debug|Any CPU.Build.0 = Debug|Any CPU
		{ECDF85A3-0F4C-44C1-97D3-CC505C8674C5}.Debug|ARM.ActiveCfg = Debug|Any CPU
		{ECDF85A3-0F4C-44C1-97D3-CC505C8674C5}.Debug|ARM.Build.0 = Debug|Any CPU
		{ECDF85A3-0F4C-44C1-97D3-CC505C8674C5}.Debug|ARM64.ActiveCfg = Debug|Any CPU
		{ECDF85A3-0F4C-44C1-97D3-CC505C8674C5}.Debug|ARM64.Build.0 = Debug|Any CPU
		{ECDF85A3-0F4C-44C1-97D3-CC505C8674C5}.Debug|x64.ActiveCfg = Debug|Any CPU
		{ECDF85A3-0F4C-44C1-97D3-CC505C8674C5}.Debug|x64.Build.0 = Debug|Any CPU
		{ECDF85A3-0F4C-44C1-97D3-CC505C8674C5}.Debug|x86.ActiveCfg = Debug|Any CPU
		{ECDF85A3-0F4C-44C1-97D3-CC505C8674C5}.Debug|x86.Build.0 = Debug|Any CPU
		{ECDF85A3-0F4C-44C1-97D3-CC505C8674C5}.Release|Any CPU.ActiveCfg = Release|Any CPU
		{ECDF85A3-0F4C-44C1-97D3-CC505C8674C5}.Release|Any CPU.Build.0 = Release|Any CPU
		{ECDF85A3-0F4C-44C1-97D3-CC505C8674C5}.Release|ARM.ActiveCfg = Release|Any CPU
		{ECDF85A3-0F4C-44C1-97D3-CC505C8674C5}.Release|ARM.Build.0 = Release|Any CPU
		{ECDF85A3-0F4C-44C1-97D3-CC505C8674C5}.Release|ARM64.ActiveCfg = Release|Any CPU
		{ECDF85A3-0F4C-44C1-97D3-CC505C8674C5}.Release|ARM64.Build.0 = Release|Any CPU
		{ECDF85A3-0F4C-44C1-97D3-CC505C8674C5}.Release|x64.ActiveCfg = Release|Any CPU
		{ECDF85A3-0F4C-44C1-97D3-CC505C8674C5}.Release|x64.Build.0 = Release|Any CPU
		{ECDF85A3-0F4C-44C1-97D3-CC505C8674C5}.Release|x86.ActiveCfg = Release|Any CPU
		{ECDF85A3-0F4C-44C1-97D3-CC505C8674C5}.Release|x86.Build.0 = Release|Any CPU
		{248759FD-9BFA-410A-9B3B-EB543B01293E}.Debug|Any CPU.ActiveCfg = Debug|Any CPU
		{248759FD-9BFA-410A-9B3B-EB543B01293E}.Debug|Any CPU.Build.0 = Debug|Any CPU
		{248759FD-9BFA-410A-9B3B-EB543B01293E}.Debug|ARM.ActiveCfg = Debug|Any CPU
		{248759FD-9BFA-410A-9B3B-EB543B01293E}.Debug|ARM.Build.0 = Debug|Any CPU
		{248759FD-9BFA-410A-9B3B-EB543B01293E}.Debug|ARM64.ActiveCfg = Debug|Any CPU
		{248759FD-9BFA-410A-9B3B-EB543B01293E}.Debug|ARM64.Build.0 = Debug|Any CPU
		{248759FD-9BFA-410A-9B3B-EB543B01293E}.Debug|x64.ActiveCfg = Debug|Any CPU
		{248759FD-9BFA-410A-9B3B-EB543B01293E}.Debug|x64.Build.0 = Debug|Any CPU
		{248759FD-9BFA-410A-9B3B-EB543B01293E}.Debug|x86.ActiveCfg = Debug|Any CPU
		{248759FD-9BFA-410A-9B3B-EB543B01293E}.Debug|x86.Build.0 = Debug|Any CPU
		{248759FD-9BFA-410A-9B3B-EB543B01293E}.Release|Any CPU.ActiveCfg = Release|Any CPU
		{248759FD-9BFA-410A-9B3B-EB543B01293E}.Release|Any CPU.Build.0 = Release|Any CPU
		{248759FD-9BFA-410A-9B3B-EB543B01293E}.Release|ARM.ActiveCfg = Release|Any CPU
		{248759FD-9BFA-410A-9B3B-EB543B01293E}.Release|ARM.Build.0 = Release|Any CPU
		{248759FD-9BFA-410A-9B3B-EB543B01293E}.Release|ARM64.ActiveCfg = Release|Any CPU
		{248759FD-9BFA-410A-9B3B-EB543B01293E}.Release|ARM64.Build.0 = Release|Any CPU
		{248759FD-9BFA-410A-9B3B-EB543B01293E}.Release|x64.ActiveCfg = Release|Any CPU
		{248759FD-9BFA-410A-9B3B-EB543B01293E}.Release|x64.Build.0 = Release|Any CPU
		{248759FD-9BFA-410A-9B3B-EB543B01293E}.Release|x86.ActiveCfg = Release|Any CPU
		{248759FD-9BFA-410A-9B3B-EB543B01293E}.Release|x86.Build.0 = Release|Any CPU
		{206C8961-4074-4D67-A372-06563772FBBA}.Debug|Any CPU.ActiveCfg = Debug|Any CPU
		{206C8961-4074-4D67-A372-06563772FBBA}.Debug|Any CPU.Build.0 = Debug|Any CPU
		{206C8961-4074-4D67-A372-06563772FBBA}.Debug|ARM.ActiveCfg = Debug|Any CPU
		{206C8961-4074-4D67-A372-06563772FBBA}.Debug|ARM.Build.0 = Debug|Any CPU
		{206C8961-4074-4D67-A372-06563772FBBA}.Debug|ARM64.ActiveCfg = Debug|Any CPU
		{206C8961-4074-4D67-A372-06563772FBBA}.Debug|ARM64.Build.0 = Debug|Any CPU
		{206C8961-4074-4D67-A372-06563772FBBA}.Debug|x64.ActiveCfg = Debug|Any CPU
		{206C8961-4074-4D67-A372-06563772FBBA}.Debug|x64.Build.0 = Debug|Any CPU
		{206C8961-4074-4D67-A372-06563772FBBA}.Debug|x86.ActiveCfg = Debug|Any CPU
		{206C8961-4074-4D67-A372-06563772FBBA}.Debug|x86.Build.0 = Debug|Any CPU
		{206C8961-4074-4D67-A372-06563772FBBA}.Release|Any CPU.ActiveCfg = Release|Any CPU
		{206C8961-4074-4D67-A372-06563772FBBA}.Release|Any CPU.Build.0 = Release|Any CPU
		{206C8961-4074-4D67-A372-06563772FBBA}.Release|ARM.ActiveCfg = Release|Any CPU
		{206C8961-4074-4D67-A372-06563772FBBA}.Release|ARM.Build.0 = Release|Any CPU
		{206C8961-4074-4D67-A372-06563772FBBA}.Release|ARM64.ActiveCfg = Release|Any CPU
		{206C8961-4074-4D67-A372-06563772FBBA}.Release|ARM64.Build.0 = Release|Any CPU
		{206C8961-4074-4D67-A372-06563772FBBA}.Release|x64.ActiveCfg = Release|Any CPU
		{206C8961-4074-4D67-A372-06563772FBBA}.Release|x64.Build.0 = Release|Any CPU
		{206C8961-4074-4D67-A372-06563772FBBA}.Release|x86.ActiveCfg = Release|Any CPU
		{206C8961-4074-4D67-A372-06563772FBBA}.Release|x86.Build.0 = Release|Any CPU
		{8625D78E-2E5A-4641-80A6-4D83EE505D09}.Debug|Any CPU.ActiveCfg = Debug|Any CPU
		{8625D78E-2E5A-4641-80A6-4D83EE505D09}.Debug|Any CPU.Build.0 = Debug|Any CPU
		{8625D78E-2E5A-4641-80A6-4D83EE505D09}.Debug|ARM.ActiveCfg = Debug|Any CPU
		{8625D78E-2E5A-4641-80A6-4D83EE505D09}.Debug|ARM.Build.0 = Debug|Any CPU
		{8625D78E-2E5A-4641-80A6-4D83EE505D09}.Debug|ARM64.ActiveCfg = Debug|Any CPU
		{8625D78E-2E5A-4641-80A6-4D83EE505D09}.Debug|ARM64.Build.0 = Debug|Any CPU
		{8625D78E-2E5A-4641-80A6-4D83EE505D09}.Debug|x64.ActiveCfg = Debug|Any CPU
		{8625D78E-2E5A-4641-80A6-4D83EE505D09}.Debug|x64.Build.0 = Debug|Any CPU
		{8625D78E-2E5A-4641-80A6-4D83EE505D09}.Debug|x86.ActiveCfg = Debug|Any CPU
		{8625D78E-2E5A-4641-80A6-4D83EE505D09}.Debug|x86.Build.0 = Debug|Any CPU
		{8625D78E-2E5A-4641-80A6-4D83EE505D09}.Release|Any CPU.ActiveCfg = Release|Any CPU
		{8625D78E-2E5A-4641-80A6-4D83EE505D09}.Release|Any CPU.Build.0 = Release|Any CPU
		{8625D78E-2E5A-4641-80A6-4D83EE505D09}.Release|ARM.ActiveCfg = Release|Any CPU
		{8625D78E-2E5A-4641-80A6-4D83EE505D09}.Release|ARM.Build.0 = Release|Any CPU
		{8625D78E-2E5A-4641-80A6-4D83EE505D09}.Release|ARM64.ActiveCfg = Release|Any CPU
		{8625D78E-2E5A-4641-80A6-4D83EE505D09}.Release|ARM64.Build.0 = Release|Any CPU
		{8625D78E-2E5A-4641-80A6-4D83EE505D09}.Release|x64.ActiveCfg = Release|Any CPU
		{8625D78E-2E5A-4641-80A6-4D83EE505D09}.Release|x64.Build.0 = Release|Any CPU
		{8625D78E-2E5A-4641-80A6-4D83EE505D09}.Release|x86.ActiveCfg = Release|Any CPU
		{8625D78E-2E5A-4641-80A6-4D83EE505D09}.Release|x86.Build.0 = Release|Any CPU
		{D647926C-2F62-46F9-A326-E3B8C7B5F580}.Debug|Any CPU.ActiveCfg = Debug|Any CPU
		{D647926C-2F62-46F9-A326-E3B8C7B5F580}.Debug|Any CPU.Build.0 = Debug|Any CPU
		{D647926C-2F62-46F9-A326-E3B8C7B5F580}.Debug|ARM.ActiveCfg = Debug|Any CPU
		{D647926C-2F62-46F9-A326-E3B8C7B5F580}.Debug|ARM.Build.0 = Debug|Any CPU
		{D647926C-2F62-46F9-A326-E3B8C7B5F580}.Debug|ARM64.ActiveCfg = Debug|Any CPU
		{D647926C-2F62-46F9-A326-E3B8C7B5F580}.Debug|ARM64.Build.0 = Debug|Any CPU
		{D647926C-2F62-46F9-A326-E3B8C7B5F580}.Debug|x64.ActiveCfg = Debug|Any CPU
		{D647926C-2F62-46F9-A326-E3B8C7B5F580}.Debug|x64.Build.0 = Debug|Any CPU
		{D647926C-2F62-46F9-A326-E3B8C7B5F580}.Debug|x86.ActiveCfg = Debug|Any CPU
		{D647926C-2F62-46F9-A326-E3B8C7B5F580}.Debug|x86.Build.0 = Debug|Any CPU
		{D647926C-2F62-46F9-A326-E3B8C7B5F580}.Release|Any CPU.ActiveCfg = Release|Any CPU
		{D647926C-2F62-46F9-A326-E3B8C7B5F580}.Release|Any CPU.Build.0 = Release|Any CPU
		{D647926C-2F62-46F9-A326-E3B8C7B5F580}.Release|ARM.ActiveCfg = Release|Any CPU
		{D647926C-2F62-46F9-A326-E3B8C7B5F580}.Release|ARM.Build.0 = Release|Any CPU
		{D647926C-2F62-46F9-A326-E3B8C7B5F580}.Release|ARM64.ActiveCfg = Release|Any CPU
		{D647926C-2F62-46F9-A326-E3B8C7B5F580}.Release|ARM64.Build.0 = Release|Any CPU
		{D647926C-2F62-46F9-A326-E3B8C7B5F580}.Release|x64.ActiveCfg = Release|Any CPU
		{D647926C-2F62-46F9-A326-E3B8C7B5F580}.Release|x64.Build.0 = Release|Any CPU
		{D647926C-2F62-46F9-A326-E3B8C7B5F580}.Release|x86.ActiveCfg = Release|Any CPU
		{D647926C-2F62-46F9-A326-E3B8C7B5F580}.Release|x86.Build.0 = Release|Any CPU
		{37F6D61B-972F-4FE2-A3A1-30830E9E21DC}.Debug|Any CPU.ActiveCfg = Debug|Any CPU
		{37F6D61B-972F-4FE2-A3A1-30830E9E21DC}.Debug|Any CPU.Build.0 = Debug|Any CPU
		{37F6D61B-972F-4FE2-A3A1-30830E9E21DC}.Debug|ARM.ActiveCfg = Debug|Any CPU
		{37F6D61B-972F-4FE2-A3A1-30830E9E21DC}.Debug|ARM.Build.0 = Debug|Any CPU
		{37F6D61B-972F-4FE2-A3A1-30830E9E21DC}.Debug|ARM64.ActiveCfg = Debug|Any CPU
		{37F6D61B-972F-4FE2-A3A1-30830E9E21DC}.Debug|ARM64.Build.0 = Debug|Any CPU
		{37F6D61B-972F-4FE2-A3A1-30830E9E21DC}.Debug|x64.ActiveCfg = Debug|Any CPU
		{37F6D61B-972F-4FE2-A3A1-30830E9E21DC}.Debug|x64.Build.0 = Debug|Any CPU
		{37F6D61B-972F-4FE2-A3A1-30830E9E21DC}.Debug|x86.ActiveCfg = Debug|Any CPU
		{37F6D61B-972F-4FE2-A3A1-30830E9E21DC}.Debug|x86.Build.0 = Debug|Any CPU
		{37F6D61B-972F-4FE2-A3A1-30830E9E21DC}.Release|Any CPU.ActiveCfg = Release|Any CPU
		{37F6D61B-972F-4FE2-A3A1-30830E9E21DC}.Release|Any CPU.Build.0 = Release|Any CPU
		{37F6D61B-972F-4FE2-A3A1-30830E9E21DC}.Release|ARM.ActiveCfg = Release|Any CPU
		{37F6D61B-972F-4FE2-A3A1-30830E9E21DC}.Release|ARM.Build.0 = Release|Any CPU
		{37F6D61B-972F-4FE2-A3A1-30830E9E21DC}.Release|ARM64.ActiveCfg = Release|Any CPU
		{37F6D61B-972F-4FE2-A3A1-30830E9E21DC}.Release|ARM64.Build.0 = Release|Any CPU
		{37F6D61B-972F-4FE2-A3A1-30830E9E21DC}.Release|x64.ActiveCfg = Release|Any CPU
		{37F6D61B-972F-4FE2-A3A1-30830E9E21DC}.Release|x64.Build.0 = Release|Any CPU
		{37F6D61B-972F-4FE2-A3A1-30830E9E21DC}.Release|x86.ActiveCfg = Release|Any CPU
		{37F6D61B-972F-4FE2-A3A1-30830E9E21DC}.Release|x86.Build.0 = Release|Any CPU
		{50DF1BCC-90FE-4949-A6DC-B52214711828}.Debug|Any CPU.ActiveCfg = Debug|Any CPU
		{50DF1BCC-90FE-4949-A6DC-B52214711828}.Debug|Any CPU.Build.0 = Debug|Any CPU
		{50DF1BCC-90FE-4949-A6DC-B52214711828}.Debug|ARM.ActiveCfg = Debug|Any CPU
		{50DF1BCC-90FE-4949-A6DC-B52214711828}.Debug|ARM.Build.0 = Debug|Any CPU
		{50DF1BCC-90FE-4949-A6DC-B52214711828}.Debug|ARM64.ActiveCfg = Debug|Any CPU
		{50DF1BCC-90FE-4949-A6DC-B52214711828}.Debug|ARM64.Build.0 = Debug|Any CPU
		{50DF1BCC-90FE-4949-A6DC-B52214711828}.Debug|x64.ActiveCfg = Debug|Any CPU
		{50DF1BCC-90FE-4949-A6DC-B52214711828}.Debug|x64.Build.0 = Debug|Any CPU
		{50DF1BCC-90FE-4949-A6DC-B52214711828}.Debug|x86.ActiveCfg = Debug|Any CPU
		{50DF1BCC-90FE-4949-A6DC-B52214711828}.Debug|x86.Build.0 = Debug|Any CPU
		{50DF1BCC-90FE-4949-A6DC-B52214711828}.Release|Any CPU.ActiveCfg = Release|Any CPU
		{50DF1BCC-90FE-4949-A6DC-B52214711828}.Release|Any CPU.Build.0 = Release|Any CPU
		{50DF1BCC-90FE-4949-A6DC-B52214711828}.Release|ARM.ActiveCfg = Release|Any CPU
		{50DF1BCC-90FE-4949-A6DC-B52214711828}.Release|ARM.Build.0 = Release|Any CPU
		{50DF1BCC-90FE-4949-A6DC-B52214711828}.Release|ARM64.ActiveCfg = Release|Any CPU
		{50DF1BCC-90FE-4949-A6DC-B52214711828}.Release|ARM64.Build.0 = Release|Any CPU
		{50DF1BCC-90FE-4949-A6DC-B52214711828}.Release|x64.ActiveCfg = Release|Any CPU
		{50DF1BCC-90FE-4949-A6DC-B52214711828}.Release|x64.Build.0 = Release|Any CPU
		{50DF1BCC-90FE-4949-A6DC-B52214711828}.Release|x86.ActiveCfg = Release|Any CPU
		{50DF1BCC-90FE-4949-A6DC-B52214711828}.Release|x86.Build.0 = Release|Any CPU
		{805D6DF0-2005-4FC9-BB28-9089D01C6A9D}.Debug|Any CPU.ActiveCfg = Debug|Any CPU
		{805D6DF0-2005-4FC9-BB28-9089D01C6A9D}.Debug|Any CPU.Build.0 = Debug|Any CPU
		{805D6DF0-2005-4FC9-BB28-9089D01C6A9D}.Debug|ARM.ActiveCfg = Debug|Any CPU
		{805D6DF0-2005-4FC9-BB28-9089D01C6A9D}.Debug|ARM.Build.0 = Debug|Any CPU
		{805D6DF0-2005-4FC9-BB28-9089D01C6A9D}.Debug|ARM64.ActiveCfg = Debug|Any CPU
		{805D6DF0-2005-4FC9-BB28-9089D01C6A9D}.Debug|ARM64.Build.0 = Debug|Any CPU
		{805D6DF0-2005-4FC9-BB28-9089D01C6A9D}.Debug|x64.ActiveCfg = Debug|Any CPU
		{805D6DF0-2005-4FC9-BB28-9089D01C6A9D}.Debug|x64.Build.0 = Debug|Any CPU
		{805D6DF0-2005-4FC9-BB28-9089D01C6A9D}.Debug|x86.ActiveCfg = Debug|Any CPU
		{805D6DF0-2005-4FC9-BB28-9089D01C6A9D}.Debug|x86.Build.0 = Debug|Any CPU
		{805D6DF0-2005-4FC9-BB28-9089D01C6A9D}.Release|Any CPU.ActiveCfg = Release|Any CPU
		{805D6DF0-2005-4FC9-BB28-9089D01C6A9D}.Release|Any CPU.Build.0 = Release|Any CPU
		{805D6DF0-2005-4FC9-BB28-9089D01C6A9D}.Release|ARM.ActiveCfg = Release|Any CPU
		{805D6DF0-2005-4FC9-BB28-9089D01C6A9D}.Release|ARM.Build.0 = Release|Any CPU
		{805D6DF0-2005-4FC9-BB28-9089D01C6A9D}.Release|ARM64.ActiveCfg = Release|Any CPU
		{805D6DF0-2005-4FC9-BB28-9089D01C6A9D}.Release|ARM64.Build.0 = Release|Any CPU
		{805D6DF0-2005-4FC9-BB28-9089D01C6A9D}.Release|x64.ActiveCfg = Release|Any CPU
		{805D6DF0-2005-4FC9-BB28-9089D01C6A9D}.Release|x64.Build.0 = Release|Any CPU
		{805D6DF0-2005-4FC9-BB28-9089D01C6A9D}.Release|x86.ActiveCfg = Release|Any CPU
		{805D6DF0-2005-4FC9-BB28-9089D01C6A9D}.Release|x86.Build.0 = Release|Any CPU
		{0FAA56F9-4AD1-4711-94ED-190F7658F791}.Debug|Any CPU.ActiveCfg = Debug|Any CPU
		{0FAA56F9-4AD1-4711-94ED-190F7658F791}.Debug|Any CPU.Build.0 = Debug|Any CPU
		{0FAA56F9-4AD1-4711-94ED-190F7658F791}.Debug|ARM.ActiveCfg = Debug|Any CPU
		{0FAA56F9-4AD1-4711-94ED-190F7658F791}.Debug|ARM.Build.0 = Debug|Any CPU
		{0FAA56F9-4AD1-4711-94ED-190F7658F791}.Debug|ARM64.ActiveCfg = Debug|Any CPU
		{0FAA56F9-4AD1-4711-94ED-190F7658F791}.Debug|ARM64.Build.0 = Debug|Any CPU
		{0FAA56F9-4AD1-4711-94ED-190F7658F791}.Debug|x64.ActiveCfg = Debug|Any CPU
		{0FAA56F9-4AD1-4711-94ED-190F7658F791}.Debug|x64.Build.0 = Debug|Any CPU
		{0FAA56F9-4AD1-4711-94ED-190F7658F791}.Debug|x86.ActiveCfg = Debug|Any CPU
		{0FAA56F9-4AD1-4711-94ED-190F7658F791}.Debug|x86.Build.0 = Debug|Any CPU
		{0FAA56F9-4AD1-4711-94ED-190F7658F791}.Release|Any CPU.ActiveCfg = Release|Any CPU
		{0FAA56F9-4AD1-4711-94ED-190F7658F791}.Release|Any CPU.Build.0 = Release|Any CPU
		{0FAA56F9-4AD1-4711-94ED-190F7658F791}.Release|ARM.ActiveCfg = Release|Any CPU
		{0FAA56F9-4AD1-4711-94ED-190F7658F791}.Release|ARM.Build.0 = Release|Any CPU
		{0FAA56F9-4AD1-4711-94ED-190F7658F791}.Release|ARM64.ActiveCfg = Release|Any CPU
		{0FAA56F9-4AD1-4711-94ED-190F7658F791}.Release|ARM64.Build.0 = Release|Any CPU
		{0FAA56F9-4AD1-4711-94ED-190F7658F791}.Release|x64.ActiveCfg = Release|Any CPU
		{0FAA56F9-4AD1-4711-94ED-190F7658F791}.Release|x64.Build.0 = Release|Any CPU
		{0FAA56F9-4AD1-4711-94ED-190F7658F791}.Release|x86.ActiveCfg = Release|Any CPU
		{0FAA56F9-4AD1-4711-94ED-190F7658F791}.Release|x86.Build.0 = Release|Any CPU
		{0FD4A574-B024-4888-95A2-8AFB2C928391}.Debug|Any CPU.ActiveCfg = Debug|Any CPU
		{0FD4A574-B024-4888-95A2-8AFB2C928391}.Debug|Any CPU.Build.0 = Debug|Any CPU
		{0FD4A574-B024-4888-95A2-8AFB2C928391}.Debug|ARM.ActiveCfg = Debug|Any CPU
		{0FD4A574-B024-4888-95A2-8AFB2C928391}.Debug|ARM.Build.0 = Debug|Any CPU
		{0FD4A574-B024-4888-95A2-8AFB2C928391}.Debug|ARM64.ActiveCfg = Debug|Any CPU
		{0FD4A574-B024-4888-95A2-8AFB2C928391}.Debug|ARM64.Build.0 = Debug|Any CPU
		{0FD4A574-B024-4888-95A2-8AFB2C928391}.Debug|x64.ActiveCfg = Debug|Any CPU
		{0FD4A574-B024-4888-95A2-8AFB2C928391}.Debug|x64.Build.0 = Debug|Any CPU
		{0FD4A574-B024-4888-95A2-8AFB2C928391}.Debug|x86.ActiveCfg = Debug|Any CPU
		{0FD4A574-B024-4888-95A2-8AFB2C928391}.Debug|x86.Build.0 = Debug|Any CPU
		{0FD4A574-B024-4888-95A2-8AFB2C928391}.Release|Any CPU.ActiveCfg = Release|Any CPU
		{0FD4A574-B024-4888-95A2-8AFB2C928391}.Release|Any CPU.Build.0 = Release|Any CPU
		{0FD4A574-B024-4888-95A2-8AFB2C928391}.Release|ARM.ActiveCfg = Release|Any CPU
		{0FD4A574-B024-4888-95A2-8AFB2C928391}.Release|ARM.Build.0 = Release|Any CPU
		{0FD4A574-B024-4888-95A2-8AFB2C928391}.Release|ARM64.ActiveCfg = Release|Any CPU
		{0FD4A574-B024-4888-95A2-8AFB2C928391}.Release|ARM64.Build.0 = Release|Any CPU
		{0FD4A574-B024-4888-95A2-8AFB2C928391}.Release|x64.ActiveCfg = Release|Any CPU
		{0FD4A574-B024-4888-95A2-8AFB2C928391}.Release|x64.Build.0 = Release|Any CPU
		{0FD4A574-B024-4888-95A2-8AFB2C928391}.Release|x86.ActiveCfg = Release|Any CPU
		{0FD4A574-B024-4888-95A2-8AFB2C928391}.Release|x86.Build.0 = Release|Any CPU
		{14BE6179-206E-4BA6-BD5D-99B324F5804E}.Debug|Any CPU.ActiveCfg = Debug|Any CPU
		{14BE6179-206E-4BA6-BD5D-99B324F5804E}.Debug|Any CPU.Build.0 = Debug|Any CPU
		{14BE6179-206E-4BA6-BD5D-99B324F5804E}.Debug|ARM.ActiveCfg = Debug|Any CPU
		{14BE6179-206E-4BA6-BD5D-99B324F5804E}.Debug|ARM.Build.0 = Debug|Any CPU
		{14BE6179-206E-4BA6-BD5D-99B324F5804E}.Debug|ARM64.ActiveCfg = Debug|Any CPU
		{14BE6179-206E-4BA6-BD5D-99B324F5804E}.Debug|ARM64.Build.0 = Debug|Any CPU
		{14BE6179-206E-4BA6-BD5D-99B324F5804E}.Debug|x64.ActiveCfg = Debug|Any CPU
		{14BE6179-206E-4BA6-BD5D-99B324F5804E}.Debug|x64.Build.0 = Debug|Any CPU
		{14BE6179-206E-4BA6-BD5D-99B324F5804E}.Debug|x86.ActiveCfg = Debug|Any CPU
		{14BE6179-206E-4BA6-BD5D-99B324F5804E}.Debug|x86.Build.0 = Debug|Any CPU
		{14BE6179-206E-4BA6-BD5D-99B324F5804E}.Release|Any CPU.ActiveCfg = Release|Any CPU
		{14BE6179-206E-4BA6-BD5D-99B324F5804E}.Release|Any CPU.Build.0 = Release|Any CPU
		{14BE6179-206E-4BA6-BD5D-99B324F5804E}.Release|ARM.ActiveCfg = Release|Any CPU
		{14BE6179-206E-4BA6-BD5D-99B324F5804E}.Release|ARM.Build.0 = Release|Any CPU
		{14BE6179-206E-4BA6-BD5D-99B324F5804E}.Release|ARM64.ActiveCfg = Release|Any CPU
		{14BE6179-206E-4BA6-BD5D-99B324F5804E}.Release|ARM64.Build.0 = Release|Any CPU
		{14BE6179-206E-4BA6-BD5D-99B324F5804E}.Release|x64.ActiveCfg = Release|Any CPU
		{14BE6179-206E-4BA6-BD5D-99B324F5804E}.Release|x64.Build.0 = Release|Any CPU
		{14BE6179-206E-4BA6-BD5D-99B324F5804E}.Release|x86.ActiveCfg = Release|Any CPU
		{14BE6179-206E-4BA6-BD5D-99B324F5804E}.Release|x86.Build.0 = Release|Any CPU
		{7F4087A5-736F-4AB8-B917-C9002A264D95}.Debug|Any CPU.ActiveCfg = Debug|Any CPU
		{7F4087A5-736F-4AB8-B917-C9002A264D95}.Debug|Any CPU.Build.0 = Debug|Any CPU
		{7F4087A5-736F-4AB8-B917-C9002A264D95}.Debug|ARM.ActiveCfg = Debug|Any CPU
		{7F4087A5-736F-4AB8-B917-C9002A264D95}.Debug|ARM.Build.0 = Debug|Any CPU
		{7F4087A5-736F-4AB8-B917-C9002A264D95}.Debug|ARM64.ActiveCfg = Debug|Any CPU
		{7F4087A5-736F-4AB8-B917-C9002A264D95}.Debug|ARM64.Build.0 = Debug|Any CPU
		{7F4087A5-736F-4AB8-B917-C9002A264D95}.Debug|x64.ActiveCfg = Debug|Any CPU
		{7F4087A5-736F-4AB8-B917-C9002A264D95}.Debug|x64.Build.0 = Debug|Any CPU
		{7F4087A5-736F-4AB8-B917-C9002A264D95}.Debug|x86.ActiveCfg = Debug|Any CPU
		{7F4087A5-736F-4AB8-B917-C9002A264D95}.Debug|x86.Build.0 = Debug|Any CPU
		{7F4087A5-736F-4AB8-B917-C9002A264D95}.Release|Any CPU.ActiveCfg = Release|Any CPU
		{7F4087A5-736F-4AB8-B917-C9002A264D95}.Release|Any CPU.Build.0 = Release|Any CPU
		{7F4087A5-736F-4AB8-B917-C9002A264D95}.Release|ARM.ActiveCfg = Release|Any CPU
		{7F4087A5-736F-4AB8-B917-C9002A264D95}.Release|ARM.Build.0 = Release|Any CPU
		{7F4087A5-736F-4AB8-B917-C9002A264D95}.Release|ARM64.ActiveCfg = Release|Any CPU
		{7F4087A5-736F-4AB8-B917-C9002A264D95}.Release|ARM64.Build.0 = Release|Any CPU
		{7F4087A5-736F-4AB8-B917-C9002A264D95}.Release|x64.ActiveCfg = Release|Any CPU
		{7F4087A5-736F-4AB8-B917-C9002A264D95}.Release|x64.Build.0 = Release|Any CPU
		{7F4087A5-736F-4AB8-B917-C9002A264D95}.Release|x86.ActiveCfg = Release|Any CPU
		{7F4087A5-736F-4AB8-B917-C9002A264D95}.Release|x86.Build.0 = Release|Any CPU
	EndGlobalSection
	GlobalSection(SolutionProperties) = preSolution
		HideSolutionNode = FALSE
	EndGlobalSection
	GlobalSection(NestedProjects) = preSolution
		{81067D2F-63A5-41A1-9557-06618589AD2F} = {958DD9EF-F976-42FC-83BA-D1A68CC43807}
	EndGlobalSection
	GlobalSection(ExtensibilityGlobals) = postSolution
		SolutionGuid = {5AECA81E-4601-4C73-B6AF-5A7A2212E4E8}
	EndGlobalSection
EndGlobal
